# This file is autogenerated, do not edit; changes may be undone by the next 'dep ensure'.


[[projects]]
  branch = "master"
  name = "golang.org/x/net"
  packages = ["html","html/atom","html/charset"]
  revision = "1c05540f6879653db88113bc4a2b70aec4bd491f"

[[projects]]
  branch = "master"
  name = "golang.org/x/text"
  packages = ["encoding","encoding/charmap","encoding/htmlindex","encoding/internal","encoding/internal/identifier","encoding/japanese","encoding/korean","encoding/simplifiedchinese","encoding/traditionalchinese","encoding/unicode","internal/gen","internal/tag","internal/utf8internal","language","runes","transform","unicode/cldr"]
  revision = "e56139fd9c5bc7244c76116c68e500765bb6db6b"

[solve-meta]
  analyzer-name = "dep"
  analyzer-version = 1
  inputs-digest = "290fb5e489119984dcbdb44f1ca3089d33f1a8d33e5afc2c67a2bd0d226f5d8a"
  solver-name = "gps-cdcl"
  solver-version = 1
